
Microsoft Visual Studio Solution File, Format Version 12.00
# Visual Studio Version 17
VisualStudioVersion = 17.5.002.0
MinimumVisualStudioVersion = 10.0.40219.1
Project("{9A19103F-16F7-4668-BE54-9A1E7A4F7556}") = "Hiring", "Hiring.csproj", "{401B5CC3-5F12-4D44-91FD-CD36D57229FF}"
EndProject
Global
	GlobalSection(SolutionConfigurationPlatforms) = preSolution
		Debug|Any CPU = Debug|Any CPU
		Release|Any CPU = Release|Any CPU
	EndGlobalSection
	GlobalSection(ProjectConfigurationPlatforms) = postSolution
		{401B5CC3-5F12-4D44-91FD-CD36D57229FF}.Debug|Any CPU.ActiveCfg = Debug|Any CPU
		{401B5CC3-5F12-4D44-91FD-CD36D57229FF}.Debug|Any CPU.Build.0 = Debug|Any CPU
		{401B5CC3-5F12-4D44-91FD-CD36D57229FF}.Release|Any CPU.ActiveCfg = Release|Any CPU
		{401B5CC3-5F12-4D44-91FD-CD36D57229FF}.Release|Any CPU.Build.0 = Release|Any CPU
	EndGlobalSection
	GlobalSection(SolutionProperties) = preSolution
		HideSolutionNode = FALSE
	EndGlobalSection
	GlobalSection(ExtensibilityGlobals) = postSolution
		SolutionGuid = {17D31978-A267-4B14-A580-5FC517DCCC0E}
	EndGlobalSection
EndGlobal
